
Microsoft Visual Studio Solution File, Format Version 12.00
# Visual Studio Version 17
VisualStudioVersion = 17.3.32929.385
MinimumVisualStudioVersion = 10.0.40219.1
Project("{FAE04EC0-301F-11D3-BF4B-00C04F79EFBC}") = "FarmerPart", "FarmerPart\FarmerPart.csproj", "{074B1C9C-C83E-4A92-B33B-34C4E9F45FF8}"
EndProject
Project("{FAE04EC0-301F-11D3-BF4B-00C04F79EFBC}") = "BLL", "BLL\BLL.csproj", "{D468B91C-C24D-4317-90D7-B44215EF8653}"
EndProject
Project("{FAE04EC0-301F-11D3-BF4B-00C04F79EFBC}") = "DAL", "DAL\DAL.csproj", "{9BD19D8B-91E1-404D-A40D-FB1DEFA75925}"
EndProject
Global
	GlobalSection(SolutionConfigurationPlatforms) = preSolution
		Debug|Any CPU = Debug|Any CPU
		Release|Any CPU = Release|Any CPU
	EndGlobalSection
	GlobalSection(ProjectConfigurationPlatforms) = postSolution
		{074B1C9C-C83E-4A92-B33B-34C4E9F45FF8}.Debug|Any CPU.ActiveCfg = Debug|Any CPU
		{074B1C9C-C83E-4A92-B33B-34C4E9F45FF8}.Debug|Any CPU.Build.0 = Debug|Any CPU
		{074B1C9C-C83E-4A92-B33B-34C4E9F45FF8}.Release|Any CPU.ActiveCfg = Release|Any CPU
		{074B1C9C-C83E-4A92-B33B-34C4E9F45FF8}.Release|Any CPU.Build.0 = Release|Any CPU
		{D468B91C-C24D-4317-90D7-B44215EF8653}.Debug|Any CPU.ActiveCfg = Debug|Any CPU
		{D468B91C-C24D-4317-90D7-B44215EF8653}.Debug|Any CPU.Build.0 = Debug|Any CPU
		{D468B91C-C24D-4317-90D7-B44215EF8653}.Release|Any CPU.ActiveCfg = Release|Any CPU
		{D468B91C-C24D-4317-90D7-B44215EF8653}.Release|Any CPU.Build.0 = Release|Any CPU
		{9BD19D8B-91E1-404D-A40D-FB1DEFA75925}.Debug|Any CPU.ActiveCfg = Debug|Any CPU
		{9BD19D8B-91E1-404D-A40D-FB1DEFA75925}.Debug|Any CPU.Build.0 = Debug|Any CPU
		{9BD19D8B-91E1-404D-A40D-FB1DEFA75925}.Release|Any CPU.ActiveCfg = Release|Any CPU
		{9BD19D8B-91E1-404D-A40D-FB1DEFA75925}.Release|Any CPU.Build.0 = Release|Any CPU
	EndGlobalSection
	GlobalSection(SolutionProperties) = preSolution
		HideSolutionNode = FALSE
	EndGlobalSection
	GlobalSection(ExtensibilityGlobals) = postSolution
		SolutionGuid = {C390119A-C06A-49FF-830C-CE0531956D15}
	EndGlobalSection
EndGlobal
